
Microsoft Visual Studio Solution File, Format Version 12.00
# Visual Studio Version 17
VisualStudioVersion = 17.13.35913.81
MinimumVisualStudioVersion = 10.0.40219.1
Project("{FAE04EC0-301F-11D3-BF4B-00C04F79EFBC}") = "ToDoApp", "ToDoApp\ToDoApp.csproj", "{1B4BE281-9048-4499-8161-A9BF0A2ED1E9}"
EndProject
Project("{FAE04EC0-301F-11D3-BF4B-00C04F79EFBC}") = "ToDoApp.Presentation", "ToDoApp.Presentation\ToDoApp.Presentation.csproj", "{5E8DA773-5AB7-4DBC-936C-8BE0202F9123}"
EndProject
Project("{FAE04EC0-301F-11D3-BF4B-00C04F79EFBC}") = "ToDoApp.Application", "ToDoApp.Application\ToDoApp.Application.csproj", "{FB95F6F3-4731-41D9-8C40-DCA11A62C09D}"
EndProject
Project("{FAE04EC0-301F-11D3-BF4B-00C04F79EFBC}") = "ToDoApp.Domain", "ToDoApp.Domain\ToDoApp.Domain.csproj", "{08C91D87-734A-4BFA-B629-412221E90882}"
EndProject
Project("{FAE04EC0-301F-11D3-BF4B-00C04F79EFBC}") = "ToDoApp.Infrastructure", "ToDoApp.Infrastructure\ToDoApp.Infrastructure.csproj", "{67DE8EA9-25D9-441E-B07C-C2DD415F1F09}"
EndProject
Global
	GlobalSection(SolutionConfigurationPlatforms) = preSolution
		Debug|Any CPU = Debug|Any CPU
		Release|Any CPU = Release|Any CPU
	EndGlobalSection
	GlobalSection(ProjectConfigurationPlatforms) = postSolution
		{1B4BE281-9048-4499-8161-A9BF0A2ED1E9}.Debug|Any CPU.ActiveCfg = Debug|Any CPU
		{1B4BE281-9048-4499-8161-A9BF0A2ED1E9}.Debug|Any CPU.Build.0 = Debug|Any CPU
		{1B4BE281-9048-4499-8161-A9BF0A2ED1E9}.Release|Any CPU.ActiveCfg = Release|Any CPU
		{1B4BE281-9048-4499-8161-A9BF0A2ED1E9}.Release|Any CPU.Build.0 = Release|Any CPU
		{5E8DA773-5AB7-4DBC-936C-8BE0202F9123}.Debug|Any CPU.ActiveCfg = Debug|Any CPU
		{5E8DA773-5AB7-4DBC-936C-8BE0202F9123}.Debug|Any CPU.Build.0 = Debug|Any CPU
		{5E8DA773-5AB7-4DBC-936C-8BE0202F9123}.Release|Any CPU.ActiveCfg = Release|Any CPU
		{5E8DA773-5AB7-4DBC-936C-8BE0202F9123}.Release|Any CPU.Build.0 = Release|Any CPU
		{FB95F6F3-4731-41D9-8C40-DCA11A62C09D}.Debug|Any CPU.ActiveCfg = Debug|Any CPU
		{FB95F6F3-4731-41D9-8C40-DCA11A62C09D}.Debug|Any CPU.Build.0 = Debug|Any CPU
		{FB95F6F3-4731-41D9-8C40-DCA11A62C09D}.Release|Any CPU.ActiveCfg = Release|Any CPU
		{FB95F6F3-4731-41D9-8C40-DCA11A62C09D}.Release|Any CPU.Build.0 = Release|Any CPU
		{08C91D87-734A-4BFA-B629-412221E90882}.Debug|Any CPU.ActiveCfg = Debug|Any CPU
		{08C91D87-734A-4BFA-B629-412221E90882}.Debug|Any CPU.Build.0 = Debug|Any CPU
		{08C91D87-734A-4BFA-B629-412221E90882}.Release|Any CPU.ActiveCfg = Release|Any CPU
		{08C91D87-734A-4BFA-B629-412221E90882}.Release|Any CPU.Build.0 = Release|Any CPU
		{67DE8EA9-25D9-441E-B07C-C2DD415F1F09}.Debug|Any CPU.ActiveCfg = Debug|Any CPU
		{67DE8EA9-25D9-441E-B07C-C2DD415F1F09}.Debug|Any CPU.Build.0 = Debug|Any CPU
		{67DE8EA9-25D9-441E-B07C-C2DD415F1F09}.Release|Any CPU.ActiveCfg = Release|Any CPU
		{67DE8EA9-25D9-441E-B07C-C2DD415F1F09}.Release|Any CPU.Build.0 = Release|Any CPU
	EndGlobalSection
	GlobalSection(SolutionProperties) = preSolution
		HideSolutionNode = FALSE
	EndGlobalSection
	GlobalSection(ExtensibilityGlobals) = postSolution
		SolutionGuid = {D71B88BC-EB9D-447B-A84A-1043223C670E}
	EndGlobalSection
EndGlobal
