
Microsoft Visual Studio Solution File, Format Version 12.00
# Visual Studio Version 17
VisualStudioVersion = 17.13.35913.81
MinimumVisualStudioVersion = 10.0.40219.1
Project("{FAE04EC0-301F-11D3-BF4B-00C04F79EFBC}") = "ToDoApp.Application", "ToDoApp.Application\ToDoApp.Application.csproj", "{FB95F6F3-4731-41D9-8C40-DCA11A62C09D}"
EndProject
Project("{FAE04EC0-301F-11D3-BF4B-00C04F79EFBC}") = "ToDoApp.Domain", "ToDoApp.Domain\ToDoApp.Domain.csproj", "{08C91D87-734A-4BFA-B629-412221E90882}"
EndProject
Project("{FAE04EC0-301F-11D3-BF4B-00C04F79EFBC}") = "ToDoApp.Infrastructure", "ToDoApp.Infrastructure\ToDoApp.Infrastructure.csproj", "{67DE8EA9-25D9-441E-B07C-C2DD415F1F09}"
EndProject
Project("{FAE04EC0-301F-11D3-BF4B-00C04F79EFBC}") = "ToDoApp.API", "ToDoApp.API\ToDoApp.API.csproj", "{A94811EA-3B9C-44A7-B651-C6CEA564372F}"
EndProject
Project("{FAE04EC0-301F-11D3-BF4B-00C04F79EFBC}") = "ToDoApp.Mvc", "ToDoApp.Mvc\ToDoApp.Mvc.csproj", "{14E93040-4CC6-40C5-B26C-845154940563}"
EndProject
Global
	GlobalSection(SolutionConfigurationPlatforms) = preSolution
		Debug|Any CPU = Debug|Any CPU
		Release|Any CPU = Release|Any CPU
	EndGlobalSection
	GlobalSection(ProjectConfigurationPlatforms) = postSolution
		{FB95F6F3-4731-41D9-8C40-DCA11A62C09D}.Debug|Any CPU.ActiveCfg = Debug|Any CPU
		{FB95F6F3-4731-41D9-8C40-DCA11A62C09D}.Debug|Any CPU.Build.0 = Debug|Any CPU
		{FB95F6F3-4731-41D9-8C40-DCA11A62C09D}.Release|Any CPU.ActiveCfg = Release|Any CPU
		{FB95F6F3-4731-41D9-8C40-DCA11A62C09D}.Release|Any CPU.Build.0 = Release|Any CPU
		{08C91D87-734A-4BFA-B629-412221E90882}.Debug|Any CPU.ActiveCfg = Debug|Any CPU
		{08C91D87-734A-4BFA-B629-412221E90882}.Debug|Any CPU.Build.0 = Debug|Any CPU
		{08C91D87-734A-4BFA-B629-412221E90882}.Release|Any CPU.ActiveCfg = Release|Any CPU
		{08C91D87-734A-4BFA-B629-412221E90882}.Release|Any CPU.Build.0 = Release|Any CPU
		{67DE8EA9-25D9-441E-B07C-C2DD415F1F09}.Debug|Any CPU.ActiveCfg = Debug|Any CPU
		{67DE8EA9-25D9-441E-B07C-C2DD415F1F09}.Debug|Any CPU.Build.0 = Debug|Any CPU
		{67DE8EA9-25D9-441E-B07C-C2DD415F1F09}.Release|Any CPU.ActiveCfg = Release|Any CPU
		{67DE8EA9-25D9-441E-B07C-C2DD415F1F09}.Release|Any CPU.Build.0 = Release|Any CPU
		{A94811EA-3B9C-44A7-B651-C6CEA564372F}.Debug|Any CPU.ActiveCfg = Debug|Any CPU
		{A94811EA-3B9C-44A7-B651-C6CEA564372F}.Debug|Any CPU.Build.0 = Debug|Any CPU
		{A94811EA-3B9C-44A7-B651-C6CEA564372F}.Release|Any CPU.ActiveCfg = Release|Any CPU
		{A94811EA-3B9C-44A7-B651-C6CEA564372F}.Release|Any CPU.Build.0 = Release|Any CPU
		{14E93040-4CC6-40C5-B26C-845154940563}.Debug|Any CPU.ActiveCfg = Debug|Any CPU
		{14E93040-4CC6-40C5-B26C-845154940563}.Debug|Any CPU.Build.0 = Debug|Any CPU
		{14E93040-4CC6-40C5-B26C-845154940563}.Release|Any CPU.ActiveCfg = Release|Any CPU
		{14E93040-4CC6-40C5-B26C-845154940563}.Release|Any CPU.Build.0 = Release|Any CPU
	EndGlobalSection
	GlobalSection(SolutionProperties) = preSolution
		HideSolutionNode = FALSE
	EndGlobalSection
	GlobalSection(ExtensibilityGlobals) = postSolution
		SolutionGuid = {D71B88BC-EB9D-447B-A84A-1043223C670E}
	EndGlobalSection
EndGlobal
